dependencies:
- name: openldap
  repository: https://apps.devstack.com
  version: 0.0.1
- name: phpldapadmin
  repository: https://apps.devstack.com
  version: 0.0.1
- name: mariadb
  repository: https://apps.devstack.com
  version: 0.5.3
- name: jenkins
  repository: https://apps.devstack.com
  version: 0.1.1
- name: gerrit
  repository: https://apps.devstack.com
  version: 0.0.1
digest: sha256:082c7fb916f89ff7174e129416bcfa529261ede8c241aa3c8aabd7ff9172dc85
generated: 2016-12-05T14:05:09.699745975+02:00
